// !$*UTF8*$!
{
	archiveVersion = 1;
	classes = {
	};
	objectVersion = 46;
	objects = {

/* Begin PBXBuildFile section */
		226B19161578FE4200D04163 /* UIKit.framework in Frameworks */ = {isa = PBXBuildFile; fileRef = 226B19151578FE4200D04163 /* UIKit.framework */; };
		226B19181578FE4200D04163 /* Foundation.framework in Frameworks */ = {isa = PBXBuildFile; fileRef = 226B19171578FE4200D04163 /* Foundation.framework */; };
		226B191A1578FE4200D04163 /* CoreGraphics.framework in Frameworks */ = {isa = PBXBuildFile; fileRef = 226B19191578FE4200D04163 /* CoreGraphics.framework */; };
		226B19201578FE4200D04163 /* InfoPlist.strings in Resources */ = {isa = PBXBuildFile; fileRef = 226B191E1578FE4200D04163 /* InfoPlist.strings */; };
		226B19221578FE4200D04163 /* main.m in Sources */ = {isa = PBXBuildFile; fileRef = 226B19211578FE4200D04163 /* main.m */; };
		226B19261578FE4200D04163 /* AppDelegate.m in Sources */ = {isa = PBXBuildFile; fileRef = 226B19251578FE4200D04163 /* AppDelegate.m */; };
		226B19291578FE4200D04163 /* ViewController.m in Sources */ = {isa = PBXBuildFile; fileRef = 226B19281578FE4200D04163 /* ViewController.m */; };
		226B192C1578FE4200D04163 /* ViewController.xib in Resources */ = {isa = PBXBuildFile; fileRef = 226B192A1578FE4200D04163 /* ViewController.xib */; };
/* End PBXBuildFile section */

/* Begin PBXFileReference section */
		226B19111578FE4200D04163 /* PlaceAR.app */ = {isa = PBXFileReference; explicitFileType = wrapper.application; includeInIndex = 0; path = PlaceAR.app; sourceTree = BUILT_PRODUCTS_DIR; };
		226B19151578FE4200D04163 /* UIKit.framework */ = {isa = PBXFileReference; lastKnownFileType = wrapper.framework; name = UIKit.framework; path = System/Library/Frameworks/UIKit.framework; sourceTree = SDKROOT; };
		226B19171578FE4200D04163 /* Foundation.framework */ = {isa = PBXFileReference; lastKnownFileType = wrapper.framework; name = Foundation.framework; path = System/Library/Frameworks/Foundation.framework; sourceTree = SDKROOT; };
		226B19191578FE4200D04163 /* CoreGraphics.framework */ = {isa = PBXFileReference; lastKnownFileType = wrapper.framework; name = CoreGraphics.framework; path = System/Library/Frameworks/CoreGraphics.framework; sourceTree = SDKROOT; };
		226B191D1578FE4200D04163 /* PlaceAR-Info.plist */ = {isa = PBXFileReference; lastKnownFileType = text.plist.xml; path = "PlaceAR-Info.plist"; sourceTree = "<group>"; };
		226B191F1578FE4200D04163 /* en */ = {isa = PBXFileReference; lastKnownFileType = text.plist.strings; name = en; path = en.lproj/InfoPlist.strings; sourceTree = "<group>"; };
		226B19211578FE4200D04163 /* main.m */ = {isa = PBXFileReference; lastKnownFileType = sourcecode.c.objc; path = main.m; sourceTree = "<group>"; };
		226B19231578FE4200D04163 /* PlaceAR-Prefix.pch */ = {isa = PBXFileReference; lastKnownFileType = sourcecode.c.h; path = "PlaceAR-Prefix.pch"; sourceTree = "<group>"; };
		226B19241578FE4200D04163 /* AppDelegate.h */ = {isa = PBXFileReference; lastKnownFileType = sourcecode.c.h; path = AppDelegate.h; sourceTree = "<group>"; };
		226B19251578FE4200D04163 /* AppDelegate.m */ = {isa = PBXFileReference; lastKnownFileType = sourcecode.c.objc; path = AppDelegate.m; sourceTree = "<group>"; };
		226B19271578FE4200D04163 /* ViewController.h */ = {isa = PBXFileReference; lastKnownFileType = sourcecode.c.h; path = ViewController.h; sourceTree = "<group>"; };
		226B19281578FE4200D04163 /* ViewController.m */ = {isa = PBXFileReference; lastKnownFileType = sourcecode.c.objc; path = ViewController.m; sourceTree = "<group>"; };
		226B192B1578FE4200D04163 /* en */ = {isa = PBXFileReference; lastKnownFileType = file.xib; name = en; path = en.lproj/ViewController.xib; sourceTree = "<group>"; };
/* End PBXFileReference section */

/* Begin PBXFrameworksBuildPhase section */
		226B190E1578FE4200D04163 /* Frameworks */ = {
			isa = PBXFrameworksBuildPhase;
			buildActionMask = 2147483647;
			files = (
				226B19161578FE4200D04163 /* UIKit.framework in Frameworks */,
				226B19181578FE4200D04163 /* Foundation.framework in Frameworks */,
				226B191A1578FE4200D04163 /* CoreGraphics.framework in Frameworks */,
			);
			runOnlyForDeploymentPostprocessing = 0;
		};
/* End PBXFrameworksBuildPhase section */

/* Begin PBXGroup section */
		226B19061578FE4100D04163 = {
			isa = PBXGroup;
			children = (
				226B191B1578FE4200D04163 /* PlaceAR */,
				226B19141578FE4200D04163 /* Frameworks */,
				226B19121578FE4200D04163 /* Products */,
			);
			sourceTree = "<group>";
		};
		226B19121578FE4200D04163 /* Products */ = {
			isa = PBXGroup;
			children = (
				226B19111578FE4200D04163 /* PlaceAR.app */,
			);
			name = Products;
			sourceTree = "<group>";
		};
		226B19141578FE4200D04163 /* Frameworks */ = {
			isa = PBXGroup;
			children = (
				226B19151578FE4200D04163 /* UIKit.framework */,
				226B19171578FE4200D04163 /* Foundation.framework */,
				226B19191578FE4200D04163 /* CoreGraphics.framework */,
			);
			name = Frameworks;
			sourceTree = "<group>";
		};
		226B191B1578FE4200D04163 /* PlaceAR */ = {
			isa = PBXGroup;
			children = (
				226B19241578FE4200D04163 /* AppDelegate.h */,
				226B19251578FE4200D04163 /* AppDelegate.m */,
				226B19271578FE4200D04163 /* ViewController.h */,
				226B19281578FE4200D04163 /* ViewController.m */,
				226B192A1578FE4200D04163 /* ViewController.xib */,
				226B191C1578FE4200D04163 /* Supporting Files */,
			);
			path = PlaceAR;
			sourceTree = "<group>";
		};
		226B191C1578FE4200D04163 /* Supporting Files */ = {
			isa = PBXGroup;
			children = (
				226B191D1578FE4200D04163 /* PlaceAR-Info.plist */,
				226B191E1578FE4200D04163 /* InfoPlist.strings */,
				226B19211578FE4200D04163 /* main.m */,
				226B19231578FE4200D04163 /* PlaceAR-Prefix.pch */,
			);
			name = "Supporting Files";
			sourceTree = "<group>";
		};
/* End PBXGroup section */

/* Begin PBXNativeTarget section */
		226B19101578FE4200D04163 /* PlaceAR */ = {
			isa = PBXNativeTarget;
			buildConfigurationList = 226B192F1578FE4200D04163 /* Build configuration list for PBXNativeTarget "PlaceAR" */;
			buildPhases = (
				226B190D1578FE4200D04163 /* Sources */,
				226B190E1578FE4200D04163 /* Frameworks */,
				226B190F1578FE4200D04163 /* Resources */,
			);
			buildRules = (
			);
			dependencies = (
			);
			name = PlaceAR;
			productName = PlaceAR;
			productReference = 226B19111578FE4200D04163 /* PlaceAR.app */;
			productType = "com.apple.product-type.application";
		};
/* End PBXNativeTarget section */

/* Begin PBXProject section */
		226B19081578FE4100D04163 /* Project object */ = {
			isa = PBXProject;
			attributes = {
				LastUpgradeCheck = 0430;
			};
			buildConfigurationList = 226B190B1578FE4100D04163 /* Build configuration list for PBXProject "PlaceAR" */;
			compatibilityVersion = "Xcode 3.2";
			developmentRegion = English;
			hasScannedForEncodings = 0;
			knownRegions = (
				en,
			);
			mainGroup = 226B19061578FE4100D04163;
			productRefGroup = 226B19121578FE4200D04163 /* Products */;
			projectDirPath = "";
			projectRoot = "";
			targets = (
				226B19101578FE4200D04163 /* PlaceAR */,
			);
		};
/* End PBXProject section */

/* Begin PBXResourcesBuildPhase section */
		226B190F1578FE4200D04163 /* Resources */ = {
			isa = PBXResourcesBuildPhase;
			buildActionMask = 2147483647;
			files = (
				226B19201578FE4200D04163 /* InfoPlist.strings in Resources */,
				226B192C1578FE4200D04163 /* ViewController.xib in Resources */,
			);
			runOnlyForDeploymentPostprocessing = 0;
		};
/* End PBXResourcesBuildPhase section */

/* Begin PBXSourcesBuildPhase section */
		226B190D1578FE4200D04163 /* Sources */ = {
			isa = PBXSourcesBuildPhase;
			buildActionMask = 2147483647;
			files = (
				226B19221578FE4200D04163 /* main.m in Sources */,
				226B19261578FE4200D04163 /* AppDelegate.m in Sources */,
				226B19291578FE4200D04163 /* ViewController.m in Sources */,
			);
			runOnlyForDeploymentPostprocessing = 0;
		};
/* End PBXSourcesBuildPhase section */

/* Begin PBXVariantGroup section */
		226B191E1578FE4200D04163 /* InfoPlist.strings */ = {
			isa = PBXVariantGroup;
			children = (
				226B191F1578FE4200D04163 /* en */,
			);
			name = InfoPlist.strings;
			sourceTree = "<group>";
		};
		226B192A1578FE4200D04163 /* ViewController.xib */ = {
			isa = PBXVariantGroup;
			children = (
				226B192B1578FE4200D04163 /* en */,
			);
			name = ViewController.xib;
			sourceTree = "<group>";
		};
/* End PBXVariantGroup section */

/* Begin XCBuildConfiguration section */
		226B192D1578FE4200D04163 /* Debug */ = {
			isa = XCBuildConfiguration;
			buildSettings = {
				ALWAYS_SEARCH_USER_PATHS = NO;
				ARCHS = "$(ARCHS_STANDARD_32_BIT)";
				"CODE_SIGN_IDENTITY[sdk=iphoneos*]" = "iPhone Developer";
				COPY_PHASE_STRIP = NO;
				GCC_C_LANGUAGE_STANDARD = gnu99;
				GCC_DYNAMIC_NO_PIC = NO;
				GCC_OPTIMIZATION_LEVEL = 0;
				GCC_PREPROCESSOR_DEFINITIONS = (
					"DEBUG=1",
					"$(inherited)",
				);
				GCC_SYMBOLS_PRIVATE_EXTERN = NO;
				GCC_VERSION = com.apple.compilers.llvm.clang.1_0;
				GCC_WARN_ABOUT_RETURN_TYPE = YES;
				GCC_WARN_UNINITIALIZED_AUTOS = YES;
				GCC_WARN_UNUSED_VARIABLE = YES;
				IPHONEOS_DEPLOYMENT_TARGET = 5.1;
				SDKROOT = iphoneos;
			};
			name = Debug;
		};
		226B192E1578FE4200D04163 /* Release */ = {
			isa = XCBuildConfiguration;
			buildSettings = {
				ALWAYS_SEARCH_USER_PATHS = NO;
				ARCHS = "$(ARCHS_STANDARD_32_BIT)";
				"CODE_SIGN_IDENTITY[sdk=iphoneos*]" = "iPhone Developer";
				COPY_PHASE_STRIP = YES;
				GCC_C_LANGUAGE_STANDARD = gnu99;
				GCC_VERSION = com.apple.compilers.llvm.clang.1_0;
				GCC_WARN_ABOUT_RETURN_TYPE = YES;
				GCC_WARN_UNINITIALIZED_AUTOS = YES;
				GCC_WARN_UNUSED_VARIABLE = YES;
				IPHONEOS_DEPLOYMENT_TARGET = 5.1;
				OTHER_CFLAGS = "-DNS_BLOCK_ASSERTIONS=1";
				SDKROOT = iphoneos;
				VALIDATE_PRODUCT = YES;
			};
			name = Release;
		};
		226B19301578FE4200D04163 /* Debug */ = {
			isa = XCBuildConfiguration;
			buildSettings = {
				GCC_PRECOMPILE_PREFIX_HEADER = YES;
				GCC_PREFIX_HEADER = "PlaceAR/PlaceAR-Prefix.pch";
				INFOPLIST_FILE = "PlaceAR/PlaceAR-Info.plist";
				PRODUCT_NAME = "$(TARGET_NAME)";
				WRAPPER_EXTENSION = app;
			};
			name = Debug;
		};
		226B19311578FE4200D04163 /* Release */ = {
			isa = XCBuildConfiguration;
			buildSettings = {
				GCC_PRECOMPILE_PREFIX_HEADER = YES;
				GCC_PREFIX_HEADER = "PlaceAR/PlaceAR-Prefix.pch";
				INFOPLIST_FILE = "PlaceAR/PlaceAR-Info.plist";
				PRODUCT_NAME = "$(TARGET_NAME)";
				WRAPPER_EXTENSION = app;
			};
			name = Release;
		};
/* End XCBuildConfiguration section */

/* Begin XCConfigurationList section */
		226B190B1578FE4100D04163 /* Build configuration list for PBXProject "PlaceAR" */ = {
			isa = XCConfigurationList;
			buildConfigurations = (
				226B192D1578FE4200D04163 /* Debug */,
				226B192E1578FE4200D04163 /* Release */,
			);
			defaultConfigurationIsVisible = 0;
			defaultConfigurationName = Release;
		};
		226B192F1578FE4200D04163 /* Build configuration list for PBXNativeTarget "PlaceAR" */ = {
			isa = XCConfigurationList;
			buildConfigurations = (
				226B19301578FE4200D04163 /* Debug */,
				226B19311578FE4200D04163 /* Release */,
			);
			defaultConfigurationIsVisible = 0;
		};
/* End XCConfigurationList section */
	};
	rootObject = 226B19081578FE4100D04163 /* Project object */;
}
